{
  "pins" : [
    {
      "identity" : "activityview",
      "kind" : "remoteSourceControl",
      "location" : "https://github.com/SwiftUI-Plus/ActivityView.git",
      "state" : {
        "revision" : "444ff3755e49b0284c12360b3db0d64d31f0c3f8",
        "version" : "1.2.0"
      }
    },
    {
      "identity" : "alamofire",
      "kind" : "remoteSourceControl",
      "location" : "https://github.com/Alamofire/Alamofire.git",
      "state" : {
        "revision" : "8dd85aee02e39dd280c75eef88ffdb86eed4b07b",
        "version" : "5.6.2"
      }
    },
    {
      "identity" : "url-image-module",
      "kind" : "remoteSourceControl",
      "location" : "https://github.com/swiftui-packages/url-image-module.git",
      "state" : {
        "revision" : "ad0cbd7119c94b8d81fad8713c4fc1f2d7afd181",
        "version" : "1.0.0"
      }
    }
  ],
  "version" : 2
}
