// !$*UTF8*$!
{
	archiveVersion = 1;
	classes = {
	};
	objectVersion = 55;
	objects = {

/* Begin PBXBuildFile section */
		C4225E7628D0B99300AFA75D /* ShishanYouniApp.swift in Sources */ = {isa = PBXBuildFile; fileRef = C4225E7528D0B99300AFA75D /* ShishanYouniApp.swift */; };
		C4225E7828D0B99300AFA75D /* ContentView.swift in Sources */ = {isa = PBXBuildFile; fileRef = C4225E7728D0B99300AFA75D /* ContentView.swift */; };
		C4225E7A28D0B99400AFA75D /* Assets.xcassets in Resources */ = {isa = PBXBuildFile; fileRef = C4225E7928D0B99400AFA75D /* Assets.xcassets */; };
		C4225E7D28D0B99400AFA75D /* Preview Assets.xcassets in Resources */ = {isa = PBXBuildFile; fileRef = C4225E7C28D0B99400AFA75D /* Preview Assets.xcassets */; };
		C4225EAF28D0BB8300AFA75D /* HomeView.swift in Sources */ = {isa = PBXBuildFile; fileRef = C4225EAE28D0BB8300AFA75D /* HomeView.swift */; };
		C4225EB128D0C04700AFA75D /* ProfileView.swift in Sources */ = {isa = PBXBuildFile; fileRef = C4225EB028D0C04700AFA75D /* ProfileView.swift */; };
		C4225EB328D0C13D00AFA75D /* AccountView.swift in Sources */ = {isa = PBXBuildFile; fileRef = C4225EB228D0C13D00AFA75D /* AccountView.swift */; };
		C4225EB528D0C1D200AFA75D /* FeedbkView.swift in Sources */ = {isa = PBXBuildFile; fileRef = C4225EB428D0C1D200AFA75D /* FeedbkView.swift */; };
		C4225EB728D0C22200AFA75D /* ShareView.swift in Sources */ = {isa = PBXBuildFile; fileRef = C4225EB628D0C22200AFA75D /* ShareView.swift */; };
		C4225EBE28D18A9F00AFA75D /* AddGroupView.swift in Sources */ = {isa = PBXBuildFile; fileRef = C4225EBD28D18A9F00AFA75D /* AddGroupView.swift */; };
		C43137EC28DCB802005288CB /* CalendarDisplayView.swift in Sources */ = {isa = PBXBuildFile; fileRef = C43137EB28DCB802005288CB /* CalendarDisplayView.swift */; };
		C43137F628DE075B005288CB /* ACarousel in Frameworks */ = {isa = PBXBuildFile; productRef = C43137F528DE075B005288CB /* ACarousel */; };
		C47168DF28D32B3000463917 /* ACarouselView.swift in Sources */ = {isa = PBXBuildFile; fileRef = C47168DE28D32B3000463917 /* ACarouselView.swift */; };
		C47168E228D32D5F00463917 /* CalendarView.swift in Sources */ = {isa = PBXBuildFile; fileRef = C47168E128D32D5F00463917 /* CalendarView.swift */; };
/* End PBXBuildFile section */

/* Begin PBXCopyFilesBuildPhase section */
		C4225EAA28D0B99500AFA75D /* Embed Watch Content */ = {
			isa = PBXCopyFilesBuildPhase;
			buildActionMask = 2147483647;
			dstPath = "$(CONTENTS_FOLDER_PATH)/Watch";
			dstSubfolderSpec = 16;
			files = (
			);
			name = "Embed Watch Content";
			runOnlyForDeploymentPostprocessing = 0;
		};
/* End PBXCopyFilesBuildPhase section */

/* Begin PBXFileReference section */
		C4225E7228D0B99300AFA75D /* 狮山有你.app */ = {isa = PBXFileReference; explicitFileType = wrapper.application; includeInIndex = 0; path = "狮山有你.app"; sourceTree = BUILT_PRODUCTS_DIR; };
		C4225E7528D0B99300AFA75D /* ShishanYouniApp.swift */ = {isa = PBXFileReference; lastKnownFileType = sourcecode.swift; path = ShishanYouniApp.swift; sourceTree = "<group>"; };
		C4225E7728D0B99300AFA75D /* ContentView.swift */ = {isa = PBXFileReference; lastKnownFileType = sourcecode.swift; path = ContentView.swift; sourceTree = "<group>"; };
		C4225E7928D0B99400AFA75D /* Assets.xcassets */ = {isa = PBXFileReference; lastKnownFileType = folder.assetcatalog; path = Assets.xcassets; sourceTree = "<group>"; };
		C4225E7C28D0B99400AFA75D /* Preview Assets.xcassets */ = {isa = PBXFileReference; lastKnownFileType = folder.assetcatalog; path = "Preview Assets.xcassets"; sourceTree = "<group>"; };
		C4225EAE28D0BB8300AFA75D /* HomeView.swift */ = {isa = PBXFileReference; lastKnownFileType = sourcecode.swift; path = HomeView.swift; sourceTree = "<group>"; };
		C4225EB028D0C04700AFA75D /* ProfileView.swift */ = {isa = PBXFileReference; lastKnownFileType = sourcecode.swift; path = ProfileView.swift; sourceTree = "<group>"; };
		C4225EB228D0C13D00AFA75D /* AccountView.swift */ = {isa = PBXFileReference; lastKnownFileType = sourcecode.swift; path = AccountView.swift; sourceTree = "<group>"; };
		C4225EB428D0C1D200AFA75D /* FeedbkView.swift */ = {isa = PBXFileReference; lastKnownFileType = sourcecode.swift; path = FeedbkView.swift; sourceTree = "<group>"; };
		C4225EB628D0C22200AFA75D /* ShareView.swift */ = {isa = PBXFileReference; lastKnownFileType = sourcecode.swift; path = ShareView.swift; sourceTree = "<group>"; };
		C4225EBD28D18A9F00AFA75D /* AddGroupView.swift */ = {isa = PBXFileReference; lastKnownFileType = sourcecode.swift; path = AddGroupView.swift; sourceTree = "<group>"; };
		C43137EB28DCB802005288CB /* CalendarDisplayView.swift */ = {isa = PBXFileReference; lastKnownFileType = sourcecode.swift; path = CalendarDisplayView.swift; sourceTree = "<group>"; };
		C47168DE28D32B3000463917 /* ACarouselView.swift */ = {isa = PBXFileReference; lastKnownFileType = sourcecode.swift; path = ACarouselView.swift; sourceTree = "<group>"; };
		C47168E128D32D5F00463917 /* CalendarView.swift */ = {isa = PBXFileReference; lastKnownFileType = sourcecode.swift; path = CalendarView.swift; sourceTree = "<group>"; };
/* End PBXFileReference section */

/* Begin PBXFrameworksBuildPhase section */
		C4225E6F28D0B99300AFA75D /* Frameworks */ = {
			isa = PBXFrameworksBuildPhase;
			buildActionMask = 2147483647;
			files = (
				C43137F628DE075B005288CB /* ACarousel in Frameworks */,
			);
			runOnlyForDeploymentPostprocessing = 0;
		};
/* End PBXFrameworksBuildPhase section */

/* Begin PBXGroup section */
		C4225E6928D0B99300AFA75D = {
			isa = PBXGroup;
			children = (
				C4225E7428D0B99300AFA75D /* ShishanYouni */,
				C4225E7B28D0B99400AFA75D /* Preview Content */,
				C4225E7328D0B99300AFA75D /* Products */,
			);
			sourceTree = "<group>";
		};
		C4225E7328D0B99300AFA75D /* Products */ = {
			isa = PBXGroup;
			children = (
				C4225E7228D0B99300AFA75D /* 狮山有你.app */,
			);
			name = Products;
			sourceTree = "<group>";
		};
		C4225E7428D0B99300AFA75D /* ShishanYouni */ = {
			isa = PBXGroup;
			children = (
				C4225E7528D0B99300AFA75D /* ShishanYouniApp.swift */,
				C4225E7728D0B99300AFA75D /* ContentView.swift */,
				C4225E7928D0B99400AFA75D /* Assets.xcassets */,
				C43137FA28E0359E005288CB /* Calendar */,
				C47168E028D32D3700463917 /* Home */,
				C4225EB928D0C25900AFA75D /* Profile */,
			);
			path = ShishanYouni;
			sourceTree = "<group>";
		};
		C4225E7B28D0B99400AFA75D /* Preview Content */ = {
			isa = PBXGroup;
			children = (
				C4225E7C28D0B99400AFA75D /* Preview Assets.xcassets */,
			);
			path = "Preview Content";
			sourceTree = "<group>";
		};
		C4225EB828D0C24800AFA75D /* ProfileOpt */ = {
			isa = PBXGroup;
			children = (
				C4225EB228D0C13D00AFA75D /* AccountView.swift */,
				C4225EB428D0C1D200AFA75D /* FeedbkView.swift */,
				C4225EB628D0C22200AFA75D /* ShareView.swift */,
				C4225EBD28D18A9F00AFA75D /* AddGroupView.swift */,
			);
			path = ProfileOpt;
			sourceTree = "<group>";
		};
		C4225EB928D0C25900AFA75D /* Profile */ = {
			isa = PBXGroup;
			children = (
				C4225EB028D0C04700AFA75D /* ProfileView.swift */,
				C4225EB828D0C24800AFA75D /* ProfileOpt */,
			);
			path = Profile;
			sourceTree = "<group>";
		};
		C43137FA28E0359E005288CB /* Calendar */ = {
			isa = PBXGroup;
			children = (
				C47168E128D32D5F00463917 /* CalendarView.swift */,
				C43137EB28DCB802005288CB /* CalendarDisplayView.swift */,
			);
			path = Calendar;
			sourceTree = "<group>";
		};
		C47168E028D32D3700463917 /* Home */ = {
			isa = PBXGroup;
			children = (
				C4225EAE28D0BB8300AFA75D /* HomeView.swift */,
				C47168DE28D32B3000463917 /* ACarouselView.swift */,
			);
			path = Home;
			sourceTree = "<group>";
		};
/* End PBXGroup section */

/* Begin PBXNativeTarget section */
		C4225E7128D0B99300AFA75D /* ShishanYouni */ = {
			isa = PBXNativeTarget;
			buildConfigurationList = C4225EAB28D0B99500AFA75D /* Build configuration list for PBXNativeTarget "ShishanYouni" */;
			buildPhases = (
				C4225E6E28D0B99300AFA75D /* Sources */,
				C4225E6F28D0B99300AFA75D /* Frameworks */,
				C4225E7028D0B99300AFA75D /* Resources */,
				C4225EAA28D0B99500AFA75D /* Embed Watch Content */,
			);
			buildRules = (
			);
			dependencies = (
			);
			name = ShishanYouni;
			packageProductDependencies = (
				C43137F528DE075B005288CB /* ACarousel */,
			);
			productName = ShishanYouni;
			productReference = C4225E7228D0B99300AFA75D /* 狮山有你.app */;
			productType = "com.apple.product-type.application";
		};
/* End PBXNativeTarget section */

/* Begin PBXProject section */
		C4225E6A28D0B99300AFA75D /* Project object */ = {
			isa = PBXProject;
			attributes = {
				BuildIndependentTargetsInParallel = 1;
				LastSwiftUpdateCheck = 1340;
				LastUpgradeCheck = 1340;
				TargetAttributes = {
					C4225E7128D0B99300AFA75D = {
						CreatedOnToolsVersion = 13.4.1;
					};
				};
			};
			buildConfigurationList = C4225E6D28D0B99300AFA75D /* Build configuration list for PBXProject "ShishanYouni" */;
			compatibilityVersion = "Xcode 13.0";
			developmentRegion = en;
			hasScannedForEncodings = 0;
			knownRegions = (
				en,
				Base,
			);
			mainGroup = C4225E6928D0B99300AFA75D;
			packageReferences = (
				C43137F428DE075B005288CB /* XCRemoteSwiftPackageReference "ACarousel" */,
			);
			productRefGroup = C4225E7328D0B99300AFA75D /* Products */;
			projectDirPath = "";
			projectRoot = "";
			targets = (
				C4225E7128D0B99300AFA75D /* ShishanYouni */,
			);
		};
/* End PBXProject section */

/* Begin PBXResourcesBuildPhase section */
		C4225E7028D0B99300AFA75D /* Resources */ = {
			isa = PBXResourcesBuildPhase;
			buildActionMask = 2147483647;
			files = (
				C4225E7D28D0B99400AFA75D /* Preview Assets.xcassets in Resources */,
				C4225E7A28D0B99400AFA75D /* Assets.xcassets in Resources */,
			);
			runOnlyForDeploymentPostprocessing = 0;
		};
/* End PBXResourcesBuildPhase section */

/* Begin PBXSourcesBuildPhase section */
		C4225E6E28D0B99300AFA75D /* Sources */ = {
			isa = PBXSourcesBuildPhase;
			buildActionMask = 2147483647;
			files = (
				C47168E228D32D5F00463917 /* CalendarView.swift in Sources */,
				C4225EAF28D0BB8300AFA75D /* HomeView.swift in Sources */,
				C4225EB528D0C1D200AFA75D /* FeedbkView.swift in Sources */,
				C4225EB128D0C04700AFA75D /* ProfileView.swift in Sources */,
				C4225EB728D0C22200AFA75D /* ShareView.swift in Sources */,
				C43137EC28DCB802005288CB /* CalendarDisplayView.swift in Sources */,
				C47168DF28D32B3000463917 /* ACarouselView.swift in Sources */,
				C4225E7828D0B99300AFA75D /* ContentView.swift in Sources */,
				C4225E7628D0B99300AFA75D /* ShishanYouniApp.swift in Sources */,
				C4225EBE28D18A9F00AFA75D /* AddGroupView.swift in Sources */,
				C4225EB328D0C13D00AFA75D /* AccountView.swift in Sources */,
			);
			runOnlyForDeploymentPostprocessing = 0;
		};
/* End PBXSourcesBuildPhase section */

/* Begin XCBuildConfiguration section */
		C4225EA128D0B99500AFA75D /* Debug */ = {
			isa = XCBuildConfiguration;
			buildSettings = {
				ALWAYS_SEARCH_USER_PATHS = NO;
				CLANG_ANALYZER_NONNULL = YES;
				CLANG_ANALYZER_NUMBER_OBJECT_CONVERSION = YES_AGGRESSIVE;
				CLANG_CXX_LANGUAGE_STANDARD = "gnu++17";
				CLANG_ENABLE_MODULES = YES;
				CLANG_ENABLE_OBJC_ARC = YES;
				CLANG_ENABLE_OBJC_WEAK = YES;
				CLANG_WARN_BLOCK_CAPTURE_AUTORELEASING = YES;
				CLANG_WARN_BOOL_CONVERSION = YES;
				CLANG_WARN_COMMA = YES;
				CLANG_WARN_CONSTANT_CONVERSION = YES;
				CLANG_WARN_DEPRECATED_OBJC_IMPLEMENTATIONS = YES;
				CLANG_WARN_DIRECT_OBJC_ISA_USAGE = YES_ERROR;
				CLANG_WARN_DOCUMENTATION_COMMENTS = YES;
				CLANG_WARN_EMPTY_BODY = YES;
				CLANG_WARN_ENUM_CONVERSION = YES;
				CLANG_WARN_INFINITE_RECURSION = YES;
				CLANG_WARN_INT_CONVERSION = YES;
				CLANG_WARN_NON_LITERAL_NULL_CONVERSION = YES;
				CLANG_WARN_OBJC_IMPLICIT_RETAIN_SELF = YES;
				CLANG_WARN_OBJC_LITERAL_CONVERSION = YES;
				CLANG_WARN_OBJC_ROOT_CLASS = YES_ERROR;
				CLANG_WARN_QUOTED_INCLUDE_IN_FRAMEWORK_HEADER = YES;
				CLANG_WARN_RANGE_LOOP_ANALYSIS = YES;
				CLANG_WARN_STRICT_PROTOTYPES = YES;
				CLANG_WARN_SUSPICIOUS_MOVE = YES;
				CLANG_WARN_UNGUARDED_AVAILABILITY = YES_AGGRESSIVE;
				CLANG_WARN_UNREACHABLE_CODE = YES;
				CLANG_WARN__DUPLICATE_METHOD_MATCH = YES;
				COPY_PHASE_STRIP = NO;
				DEBUG_INFORMATION_FORMAT = dwarf;
				ENABLE_STRICT_OBJC_MSGSEND = YES;
				ENABLE_TESTABILITY = YES;
				GCC_C_LANGUAGE_STANDARD = gnu11;
				GCC_DYNAMIC_NO_PIC = NO;
				GCC_NO_COMMON_BLOCKS = YES;
				GCC_OPTIMIZATION_LEVEL = 0;
				GCC_PREPROCESSOR_DEFINITIONS = (
					"DEBUG=1",
					"$(inherited)",
				);
				GCC_WARN_64_TO_32_BIT_CONVERSION = YES;
				GCC_WARN_ABOUT_RETURN_TYPE = YES_ERROR;
				GCC_WARN_UNDECLARED_SELECTOR = YES;
				GCC_WARN_UNINITIALIZED_AUTOS = YES_AGGRESSIVE;
				GCC_WARN_UNUSED_FUNCTION = YES;
				GCC_WARN_UNUSED_VARIABLE = YES;
				MTL_ENABLE_DEBUG_INFO = INCLUDE_SOURCE;
				MTL_FAST_MATH = YES;
				ONLY_ACTIVE_ARCH = YES;
				SWIFT_ACTIVE_COMPILATION_CONDITIONS = DEBUG;
				SWIFT_OPTIMIZATION_LEVEL = "-Onone";
			};
			name = Debug;
		};
		C4225EA228D0B99500AFA75D /* Release */ = {
			isa = XCBuildConfiguration;
			buildSettings = {
				ALWAYS_SEARCH_USER_PATHS = NO;
				CLANG_ANALYZER_NONNULL = YES;
				CLANG_ANALYZER_NUMBER_OBJECT_CONVERSION = YES_AGGRESSIVE;
				CLANG_CXX_LANGUAGE_STANDARD = "gnu++17";
				CLANG_ENABLE_MODULES = YES;
				CLANG_ENABLE_OBJC_ARC = YES;
				CLANG_ENABLE_OBJC_WEAK = YES;
				CLANG_WARN_BLOCK_CAPTURE_AUTORELEASING = YES;
				CLANG_WARN_BOOL_CONVERSION = YES;
				CLANG_WARN_COMMA = YES;
				CLANG_WARN_CONSTANT_CONVERSION = YES;
				CLANG_WARN_DEPRECATED_OBJC_IMPLEMENTATIONS = YES;
				CLANG_WARN_DIRECT_OBJC_ISA_USAGE = YES_ERROR;
				CLANG_WARN_DOCUMENTATION_COMMENTS = YES;
				CLANG_WARN_EMPTY_BODY = YES;
				CLANG_WARN_ENUM_CONVERSION = YES;
				CLANG_WARN_INFINITE_RECURSION = YES;
				CLANG_WARN_INT_CONVERSION = YES;
				CLANG_WARN_NON_LITERAL_NULL_CONVERSION = YES;
				CLANG_WARN_OBJC_IMPLICIT_RETAIN_SELF = YES;
				CLANG_WARN_OBJC_LITERAL_CONVERSION = YES;
				CLANG_WARN_OBJC_ROOT_CLASS = YES_ERROR;
				CLANG_WARN_QUOTED_INCLUDE_IN_FRAMEWORK_HEADER = YES;
				CLANG_WARN_RANGE_LOOP_ANALYSIS = YES;
				CLANG_WARN_STRICT_PROTOTYPES = YES;
				CLANG_WARN_SUSPICIOUS_MOVE = YES;
				CLANG_WARN_UNGUARDED_AVAILABILITY = YES_AGGRESSIVE;
				CLANG_WARN_UNREACHABLE_CODE = YES;
				CLANG_WARN__DUPLICATE_METHOD_MATCH = YES;
				COPY_PHASE_STRIP = NO;
				DEBUG_INFORMATION_FORMAT = "dwarf-with-dsym";
				ENABLE_NS_ASSERTIONS = NO;
				ENABLE_STRICT_OBJC_MSGSEND = YES;
				GCC_C_LANGUAGE_STANDARD = gnu11;
				GCC_NO_COMMON_BLOCKS = YES;
				GCC_WARN_64_TO_32_BIT_CONVERSION = YES;
				GCC_WARN_ABOUT_RETURN_TYPE = YES_ERROR;
				GCC_WARN_UNDECLARED_SELECTOR = YES;
				GCC_WARN_UNINITIALIZED_AUTOS = YES_AGGRESSIVE;
				GCC_WARN_UNUSED_FUNCTION = YES;
				GCC_WARN_UNUSED_VARIABLE = YES;
				MTL_ENABLE_DEBUG_INFO = NO;
				MTL_FAST_MATH = YES;
				SWIFT_COMPILATION_MODE = wholemodule;
				SWIFT_OPTIMIZATION_LEVEL = "-O";
			};
			name = Release;
		};
		C4225EAC28D0B99500AFA75D /* Debug */ = {
			isa = XCBuildConfiguration;
			buildSettings = {
				ASSETCATALOG_COMPILER_APPICON_NAME = AppIcon;
				ASSETCATALOG_COMPILER_GLOBAL_ACCENT_COLOR_NAME = AccentColor;
				CODE_SIGN_STYLE = Automatic;
				CURRENT_PROJECT_VERSION = 1;
				DEVELOPMENT_ASSET_PATHS = "\"ShishanYouni/Preview Content\"";
				ENABLE_PREVIEWS = YES;
				GENERATE_INFOPLIST_FILE = YES;
				INFOPLIST_KEY_UIApplicationSceneManifest_Generation = YES;
				INFOPLIST_KEY_UIApplicationSupportsIndirectInputEvents = YES;
				INFOPLIST_KEY_UILaunchScreen_Generation = YES;
				INFOPLIST_KEY_UISupportedInterfaceOrientations_iPad = "UIInterfaceOrientationPortrait UIInterfaceOrientationPortraitUpsideDown UIInterfaceOrientationLandscapeLeft UIInterfaceOrientationLandscapeRight";
				INFOPLIST_KEY_UISupportedInterfaceOrientations_iPhone = "UIInterfaceOrientationPortrait UIInterfaceOrientationLandscapeLeft UIInterfaceOrientationLandscapeRight";
				IPHONEOS_DEPLOYMENT_TARGET = 15.5;
				LD_RUNPATH_SEARCH_PATHS = (
					"$(inherited)",
					"@executable_path/Frameworks",
				);
				MARKETING_VERSION = 1.0;
				PRODUCT_BUNDLE_IDENTIFIER = hzau.ShishanYouni;
				PRODUCT_NAME = "狮山有你";
				SDKROOT = iphoneos;
				SWIFT_EMIT_LOC_STRINGS = YES;
				SWIFT_VERSION = 5.0;
				TARGETED_DEVICE_FAMILY = "1,2";
			};
			name = Debug;
		};
		C4225EAD28D0B99500AFA75D /* Release */ = {
			isa = XCBuildConfiguration;
			buildSettings = {
				ASSETCATALOG_COMPILER_APPICON_NAME = AppIcon;
				ASSETCATALOG_COMPILER_GLOBAL_ACCENT_COLOR_NAME = AccentColor;
				CODE_SIGN_STYLE = Automatic;
				CURRENT_PROJECT_VERSION = 1;
				DEVELOPMENT_ASSET_PATHS = "\"ShishanYouni/Preview Content\"";
				ENABLE_PREVIEWS = YES;
				GENERATE_INFOPLIST_FILE = YES;
				INFOPLIST_KEY_UIApplicationSceneManifest_Generation = YES;
				INFOPLIST_KEY_UIApplicationSupportsIndirectInputEvents = YES;
				INFOPLIST_KEY_UILaunchScreen_Generation = YES;
				INFOPLIST_KEY_UISupportedInterfaceOrientations_iPad = "UIInterfaceOrientationPortrait UIInterfaceOrientationPortraitUpsideDown UIInterfaceOrientationLandscapeLeft UIInterfaceOrientationLandscapeRight";
				INFOPLIST_KEY_UISupportedInterfaceOrientations_iPhone = "UIInterfaceOrientationPortrait UIInterfaceOrientationLandscapeLeft UIInterfaceOrientationLandscapeRight";
				IPHONEOS_DEPLOYMENT_TARGET = 15.5;
				LD_RUNPATH_SEARCH_PATHS = (
					"$(inherited)",
					"@executable_path/Frameworks",
				);
				MARKETING_VERSION = 1.0;
				PRODUCT_BUNDLE_IDENTIFIER = hzau.ShishanYouni;
				PRODUCT_NAME = "狮山有你";
				SDKROOT = iphoneos;
				SWIFT_EMIT_LOC_STRINGS = YES;
				SWIFT_VERSION = 5.0;
				TARGETED_DEVICE_FAMILY = "1,2";
				VALIDATE_PRODUCT = YES;
			};
			name = Release;
		};
/* End XCBuildConfiguration section */

/* Begin XCConfigurationList section */
		C4225E6D28D0B99300AFA75D /* Build configuration list for PBXProject "ShishanYouni" */ = {
			isa = XCConfigurationList;
			buildConfigurations = (
				C4225EA128D0B99500AFA75D /* Debug */,
				C4225EA228D0B99500AFA75D /* Release */,
			);
			defaultConfigurationIsVisible = 0;
			defaultConfigurationName = Release;
		};
		C4225EAB28D0B99500AFA75D /* Build configuration list for PBXNativeTarget "ShishanYouni" */ = {
			isa = XCConfigurationList;
			buildConfigurations = (
				C4225EAC28D0B99500AFA75D /* Debug */,
				C4225EAD28D0B99500AFA75D /* Release */,
			);
			defaultConfigurationIsVisible = 0;
			defaultConfigurationName = Release;
		};
/* End XCConfigurationList section */

/* Begin XCRemoteSwiftPackageReference section */
		C43137F428DE075B005288CB /* XCRemoteSwiftPackageReference "ACarousel" */ = {
			isa = XCRemoteSwiftPackageReference;
			repositoryURL = "https://gitee.com/leng_ruipeng/ACarousel?_from=gitee_search";
			requirement = {
				branch = main;
				kind = branch;
			};
		};
/* End XCRemoteSwiftPackageReference section */

/* Begin XCSwiftPackageProductDependency section */
		C43137F528DE075B005288CB /* ACarousel */ = {
			isa = XCSwiftPackageProductDependency;
			package = C43137F428DE075B005288CB /* XCRemoteSwiftPackageReference "ACarousel" */;
			productName = ACarousel;
		};
/* End XCSwiftPackageProductDependency section */
	};
	rootObject = C4225E6A28D0B99300AFA75D /* Project object */;
}
